// !$*UTF8*$!
{
	archiveVersion = 1;
	classes = {
	};
	objectVersion = 46;
	objects = {

/* Begin PBXBuildFile section */
		90247DC41A35823F005057F1 /* AppDelegate.swift in Sources */ = {isa = PBXBuildFile; fileRef = 90247DC31A35823F005057F1 /* AppDelegate.swift */; };
		90247DC61A35823F005057F1 /* ViewController.swift in Sources */ = {isa = PBXBuildFile; fileRef = 90247DC51A35823F005057F1 /* ViewController.swift */; };
		90247DC91A35823F005057F1 /* Main.storyboard in Resources */ = {isa = PBXBuildFile; fileRef = 90247DC71A35823F005057F1 /* Main.storyboard */; };
		90247DCB1A35823F005057F1 /* Images.xcassets in Resources */ = {isa = PBXBuildFile; fileRef = 90247DCA1A35823F005057F1 /* Images.xcassets */; };
		90247DCE1A35823F005057F1 /* LaunchScreen.xib in Resources */ = {isa = PBXBuildFile; fileRef = 90247DCC1A35823F005057F1 /* LaunchScreen.xib */; };
		90247DDA1A35823F005057F1 /* GMTweetTests.swift in Sources */ = {isa = PBXBuildFile; fileRef = 90247DD91A35823F005057F1 /* GMTweetTests.swift */; };
/* End PBXBuildFile section */

/* Begin PBXContainerItemProxy section */
		90247DD41A35823F005057F1 /* PBXContainerItemProxy */ = {
			isa = PBXContainerItemProxy;
			containerPortal = 90247DB61A35823F005057F1 /* Project object */;
			proxyType = 1;
			remoteGlobalIDString = 90247DBD1A35823F005057F1;
			remoteInfo = GMTweet;
		};
/* End PBXContainerItemProxy section */

/* Begin PBXFileReference section */
		90247DBE1A35823F005057F1 /* GMTweet.app */ = {isa = PBXFileReference; explicitFileType = wrapper.application; includeInIndex = 0; path = GMTweet.app; sourceTree = BUILT_PRODUCTS_DIR; };
		90247DC21A35823F005057F1 /* Info.plist */ = {isa = PBXFileReference; lastKnownFileType = text.plist.xml; path = Info.plist; sourceTree = "<group>"; };
		90247DC31A35823F005057F1 /* AppDelegate.swift */ = {isa = PBXFileReference; lastKnownFileType = sourcecode.swift; path = AppDelegate.swift; sourceTree = "<group>"; };
		90247DC51A35823F005057F1 /* ViewController.swift */ = {isa = PBXFileReference; lastKnownFileType = sourcecode.swift; path = ViewController.swift; sourceTree = "<group>"; };
		90247DC81A35823F005057F1 /* Base */ = {isa = PBXFileReference; lastKnownFileType = file.storyboard; name = Base; path = Base.lproj/Main.storyboard; sourceTree = "<group>"; };
		90247DCA1A35823F005057F1 /* Images.xcassets */ = {isa = PBXFileReference; lastKnownFileType = folder.assetcatalog; path = Images.xcassets; sourceTree = "<group>"; };
		90247DCD1A35823F005057F1 /* Base */ = {isa = PBXFileReference; lastKnownFileType = file.xib; name = Base; path = Base.lproj/LaunchScreen.xib; sourceTree = "<group>"; };
		90247DD31A35823F005057F1 /* GMTweetTests.xctest */ = {isa = PBXFileReference; explicitFileType = wrapper.cfbundle; includeInIndex = 0; path = GMTweetTests.xctest; sourceTree = BUILT_PRODUCTS_DIR; };
		90247DD81A35823F005057F1 /* Info.plist */ = {isa = PBXFileReference; lastKnownFileType = text.plist.xml; path = Info.plist; sourceTree = "<group>"; };
		90247DD91A35823F005057F1 /* GMTweetTests.swift */ = {isa = PBXFileReference; lastKnownFileType = sourcecode.swift; path = GMTweetTests.swift; sourceTree = "<group>"; };
/* End PBXFileReference section */

/* Begin PBXFrameworksBuildPhase section */
		90247DBB1A35823F005057F1 /* Frameworks */ = {
			isa = PBXFrameworksBuildPhase;
			buildActionMask = 2147483647;
			files = (
			);
			runOnlyForDeploymentPostprocessing = 0;
		};
		90247DD01A35823F005057F1 /* Frameworks */ = {
			isa = PBXFrameworksBuildPhase;
			buildActionMask = 2147483647;
			files = (
			);
			runOnlyForDeploymentPostprocessing = 0;
		};
/* End PBXFrameworksBuildPhase section */

/* Begin PBXGroup section */
		90247DB51A35823F005057F1 = {
			isa = PBXGroup;
			children = (
				90247DC01A35823F005057F1 /* GMTweet */,
				90247DD61A35823F005057F1 /* GMTweetTests */,
				90247DBF1A35823F005057F1 /* Products */,
			);
			sourceTree = "<group>";
		};
		90247DBF1A35823F005057F1 /* Products */ = {
			isa = PBXGroup;
			children = (
				90247DBE1A35823F005057F1 /* GMTweet.app */,
				90247DD31A35823F005057F1 /* GMTweetTests.xctest */,
			);
			name = Products;
			sourceTree = "<group>";
		};
		90247DC01A35823F005057F1 /* GMTweet */ = {
			isa = PBXGroup;
			children = (
				90247DC31A35823F005057F1 /* AppDelegate.swift */,
				90247DC51A35823F005057F1 /* ViewController.swift */,
				90247DC71A35823F005057F1 /* Main.storyboard */,
				90247DCA1A35823F005057F1 /* Images.xcassets */,
				90247DCC1A35823F005057F1 /* LaunchScreen.xib */,
				90247DC11A35823F005057F1 /* Supporting Files */,
			);
			path = GMTweet;
			sourceTree = "<group>";
		};
		90247DC11A35823F005057F1 /* Supporting Files */ = {
			isa = PBXGroup;
			children = (
				90247DC21A35823F005057F1 /* Info.plist */,
			);
			name = "Supporting Files";
			sourceTree = "<group>";
		};
		90247DD61A35823F005057F1 /* GMTweetTests */ = {
			isa = PBXGroup;
			children = (
				90247DD91A35823F005057F1 /* GMTweetTests.swift */,
				90247DD71A35823F005057F1 /* Supporting Files */,
			);
			path = GMTweetTests;
			sourceTree = "<group>";
		};
		90247DD71A35823F005057F1 /* Supporting Files */ = {
			isa = PBXGroup;
			children = (
				90247DD81A35823F005057F1 /* Info.plist */,
			);
			name = "Supporting Files";
			sourceTree = "<group>";
		};
/* End PBXGroup section */

/* Begin PBXNativeTarget section */
		90247DBD1A35823F005057F1 /* GMTweet */ = {
			isa = PBXNativeTarget;
			buildConfigurationList = 90247DDD1A35823F005057F1 /* Build configuration list for PBXNativeTarget "GMTweet" */;
			buildPhases = (
				90247DBA1A35823F005057F1 /* Sources */,
				90247DBB1A35823F005057F1 /* Frameworks */,
				90247DBC1A35823F005057F1 /* Resources */,
			);
			buildRules = (
			);
			dependencies = (
			);
			name = GMTweet;
			productName = GMTweet;
			productReference = 90247DBE1A35823F005057F1 /* GMTweet.app */;
			productType = "com.apple.product-type.application";
		};
		90247DD21A35823F005057F1 /* GMTweetTests */ = {
			isa = PBXNativeTarget;
			buildConfigurationList = 90247DE01A35823F005057F1 /* Build configuration list for PBXNativeTarget "GMTweetTests" */;
			buildPhases = (
				90247DCF1A35823F005057F1 /* Sources */,
				90247DD01A35823F005057F1 /* Frameworks */,
				90247DD11A35823F005057F1 /* Resources */,
			);
			buildRules = (
			);
			dependencies = (
				90247DD51A35823F005057F1 /* PBXTargetDependency */,
			);
			name = GMTweetTests;
			productName = GMTweetTests;
			productReference = 90247DD31A35823F005057F1 /* GMTweetTests.xctest */;
			productType = "com.apple.product-type.bundle.unit-test";
		};
/* End PBXNativeTarget section */

/* Begin PBXProject section */
		90247DB61A35823F005057F1 /* Project object */ = {
			isa = PBXProject;
			attributes = {
				LastUpgradeCheck = 0610;
				ORGANIZATIONNAME = Shuchan;
				TargetAttributes = {
					90247DBD1A35823F005057F1 = {
						CreatedOnToolsVersion = 6.1;
					};
					90247DD21A35823F005057F1 = {
						CreatedOnToolsVersion = 6.1;
						TestTargetID = 90247DBD1A35823F005057F1;
					};
				};
			};
			buildConfigurationList = 90247DB91A35823F005057F1 /* Build configuration list for PBXProject "GMTweet" */;
			compatibilityVersion = "Xcode 3.2";
			developmentRegion = English;
			hasScannedForEncodings = 0;
			knownRegions = (
				en,
				Base,
			);
			mainGroup = 90247DB51A35823F005057F1;
			productRefGroup = 90247DBF1A35823F005057F1 /* Products */;
			projectDirPath = "";
			projectRoot = "";
			targets = (
				90247DBD1A35823F005057F1 /* GMTweet */,
				90247DD21A35823F005057F1 /* GMTweetTests */,
			);
		};
/* End PBXProject section */

/* Begin PBXResourcesBuildPhase section */
		90247DBC1A35823F005057F1 /* Resources */ = {
			isa = PBXResourcesBuildPhase;
			buildActionMask = 2147483647;
			files = (
				90247DC91A35823F005057F1 /* Main.storyboard in Resources */,
				90247DCE1A35823F005057F1 /* LaunchScreen.xib in Resources */,
				90247DCB1A35823F005057F1 /* Images.xcassets in Resources */,
			);
			runOnlyForDeploymentPostprocessing = 0;
		};
		90247DD11A35823F005057F1 /* Resources */ = {
			isa = PBXResourcesBuildPhase;
			buildActionMask = 2147483647;
			files = (
			);
			runOnlyForDeploymentPostprocessing = 0;
		};
/* End PBXResourcesBuildPhase section */

/* Begin PBXSourcesBuildPhase section */
		90247DBA1A35823F005057F1 /* Sources */ = {
			isa = PBXSourcesBuildPhase;
			buildActionMask = 2147483647;
			files = (
				90247DC61A35823F005057F1 /* ViewController.swift in Sources */,
				90247DC41A35823F005057F1 /* AppDelegate.swift in Sources */,
			);
			runOnlyForDeploymentPostprocessing = 0;
		};
		90247DCF1A35823F005057F1 /* Sources */ = {
			isa = PBXSourcesBuildPhase;
			buildActionMask = 2147483647;
			files = (
				90247DDA1A35823F005057F1 /* GMTweetTests.swift in Sources */,
			);
			runOnlyForDeploymentPostprocessing = 0;
		};
/* End PBXSourcesBuildPhase section */

/* Begin PBXTargetDependency section */
		90247DD51A35823F005057F1 /* PBXTargetDependency */ = {
			isa = PBXTargetDependency;
			target = 90247DBD1A35823F005057F1 /* GMTweet */;
			targetProxy = 90247DD41A35823F005057F1 /* PBXContainerItemProxy */;
		};
/* End PBXTargetDependency section */

/* Begin PBXVariantGroup section */
		90247DC71A35823F005057F1 /* Main.storyboard */ = {
			isa = PBXVariantGroup;
			children = (
				90247DC81A35823F005057F1 /* Base */,
			);
			name = Main.storyboard;
			sourceTree = "<group>";
		};
		90247DCC1A35823F005057F1 /* LaunchScreen.xib */ = {
			isa = PBXVariantGroup;
			children = (
				90247DCD1A35823F005057F1 /* Base */,
			);
			name = LaunchScreen.xib;
			sourceTree = "<group>";
		};
/* End PBXVariantGroup section */

/* Begin XCBuildConfiguration section */
		90247DDB1A35823F005057F1 /* Debug */ = {
			isa = XCBuildConfiguration;
			buildSettings = {
				ALWAYS_SEARCH_USER_PATHS = NO;
				CLANG_CXX_LANGUAGE_STANDARD = "gnu++0x";
				CLANG_CXX_LIBRARY = "libc++";
				CLANG_ENABLE_MODULES = YES;
				CLANG_ENABLE_OBJC_ARC = YES;
				CLANG_WARN_BOOL_CONVERSION = YES;
				CLANG_WARN_CONSTANT_CONVERSION = YES;
				CLANG_WARN_DIRECT_OBJC_ISA_USAGE = YES_ERROR;
				CLANG_WARN_EMPTY_BODY = YES;
				CLANG_WARN_ENUM_CONVERSION = YES;
				CLANG_WARN_INT_CONVERSION = YES;
				CLANG_WARN_OBJC_ROOT_CLASS = YES_ERROR;
				CLANG_WARN_UNREACHABLE_CODE = YES;
				CLANG_WARN__DUPLICATE_METHOD_MATCH = YES;
				"CODE_SIGN_IDENTITY[sdk=iphoneos*]" = "iPhone Developer";
				COPY_PHASE_STRIP = NO;
				ENABLE_STRICT_OBJC_MSGSEND = YES;
				GCC_C_LANGUAGE_STANDARD = gnu99;
				GCC_DYNAMIC_NO_PIC = NO;
				GCC_OPTIMIZATION_LEVEL = 0;
				GCC_PREPROCESSOR_DEFINITIONS = (
					"DEBUG=1",
					"$(inherited)",
				);
				GCC_SYMBOLS_PRIVATE_EXTERN = NO;
				GCC_WARN_64_TO_32_BIT_CONVERSION = YES;
				GCC_WARN_ABOUT_RETURN_TYPE = YES_ERROR;
				GCC_WARN_UNDECLARED_SELECTOR = YES;
				GCC_WARN_UNINITIALIZED_AUTOS = YES_AGGRESSIVE;
				GCC_WARN_UNUSED_FUNCTION = YES;
				GCC_WARN_UNUSED_VARIABLE = YES;
				IPHONEOS_DEPLOYMENT_TARGET = 8.1;
				MTL_ENABLE_DEBUG_INFO = YES;
				ONLY_ACTIVE_ARCH = YES;
				SDKROOT = iphoneos;
				SWIFT_OPTIMIZATION_LEVEL = "-Onone";
				TARGETED_DEVICE_FAMILY = "1,2";
			};
			name = Debug;
		};
		90247DDC1A35823F005057F1 /* Release */ = {
			isa = XCBuildConfiguration;
			buildSettings = {
				ALWAYS_SEARCH_USER_PATHS = NO;
				CLANG_CXX_LANGUAGE_STANDARD = "gnu++0x";
				CLANG_CXX_LIBRARY = "libc++";
				CLANG_ENABLE_MODULES = YES;
				CLANG_ENABLE_OBJC_ARC = YES;
				CLANG_WARN_BOOL_CONVERSION = YES;
				CLANG_WARN_CONSTANT_CONVERSION = YES;
				CLANG_WARN_DIRECT_OBJC_ISA_USAGE = YES_ERROR;
				CLANG_WARN_EMPTY_BODY = YES;
				CLANG_WARN_ENUM_CONVERSION = YES;
				CLANG_WARN_INT_CONVERSION = YES;
				CLANG_WARN_OBJC_ROOT_CLASS = YES_ERROR;
				CLANG_WARN_UNREACHABLE_CODE = YES;
				CLANG_WARN__DUPLICATE_METHOD_MATCH = YES;
				"CODE_SIGN_IDENTITY[sdk=iphoneos*]" = "iPhone Developer";
				COPY_PHASE_STRIP = YES;
				ENABLE_NS_ASSERTIONS = NO;
				ENABLE_STRICT_OBJC_MSGSEND = YES;
				GCC_C_LANGUAGE_STANDARD = gnu99;
				GCC_WARN_64_TO_32_BIT_CONVERSION = YES;
				GCC_WARN_ABOUT_RETURN_TYPE = YES_ERROR;
				GCC_WARN_UNDECLARED_SELECTOR = YES;
				GCC_WARN_UNINITIALIZED_AUTOS = YES_AGGRESSIVE;
				GCC_WARN_UNUSED_FUNCTION = YES;
				GCC_WARN_UNUSED_VARIABLE = YES;
				IPHONEOS_DEPLOYMENT_TARGET = 8.1;
				MTL_ENABLE_DEBUG_INFO = NO;
				SDKROOT = iphoneos;
				TARGETED_DEVICE_FAMILY = "1,2";
				VALIDATE_PRODUCT = YES;
			};
			name = Release;
		};
		90247DDE1A35823F005057F1 /* Debug */ = {
			isa = XCBuildConfiguration;
			buildSettings = {
				ASSETCATALOG_COMPILER_APPICON_NAME = AppIcon;
				INFOPLIST_FILE = GMTweet/Info.plist;
				LD_RUNPATH_SEARCH_PATHS = "$(inherited) @executable_path/Frameworks";
				PRODUCT_NAME = "$(TARGET_NAME)";
			};
			name = Debug;
		};
		90247DDF1A35823F005057F1 /* Release */ = {
			isa = XCBuildConfiguration;
			buildSettings = {
				ASSETCATALOG_COMPILER_APPICON_NAME = AppIcon;
				INFOPLIST_FILE = GMTweet/Info.plist;
				LD_RUNPATH_SEARCH_PATHS = "$(inherited) @executable_path/Frameworks";
				PRODUCT_NAME = "$(TARGET_NAME)";
			};
			name = Release;
		};
		90247DE11A35823F005057F1 /* Debug */ = {
			isa = XCBuildConfiguration;
			buildSettings = {
				BUNDLE_LOADER = "$(TEST_HOST)";
				FRAMEWORK_SEARCH_PATHS = (
					"$(SDKROOT)/Developer/Library/Frameworks",
					"$(inherited)",
				);
				GCC_PREPROCESSOR_DEFINITIONS = (
					"DEBUG=1",
					"$(inherited)",
				);
				INFOPLIST_FILE = GMTweetTests/Info.plist;
				LD_RUNPATH_SEARCH_PATHS = "$(inherited) @executable_path/Frameworks @loader_path/Frameworks";
				PRODUCT_NAME = "$(TARGET_NAME)";
				TEST_HOST = "$(BUILT_PRODUCTS_DIR)/GMTweet.app/GMTweet";
			};
			name = Debug;
		};
		90247DE21A35823F005057F1 /* Release */ = {
			isa = XCBuildConfiguration;
			buildSettings = {
				BUNDLE_LOADER = "$(TEST_HOST)";
				FRAMEWORK_SEARCH_PATHS = (
					"$(SDKROOT)/Developer/Library/Frameworks",
					"$(inherited)",
				);
				INFOPLIST_FILE = GMTweetTests/Info.plist;
				LD_RUNPATH_SEARCH_PATHS = "$(inherited) @executable_path/Frameworks @loader_path/Frameworks";
				PRODUCT_NAME = "$(TARGET_NAME)";
				TEST_HOST = "$(BUILT_PRODUCTS_DIR)/GMTweet.app/GMTweet";
			};
			name = Release;
		};
/* End XCBuildConfiguration section */

/* Begin XCConfigurationList section */
		90247DB91A35823F005057F1 /* Build configuration list for PBXProject "GMTweet" */ = {
			isa = XCConfigurationList;
			buildConfigurations = (
				90247DDB1A35823F005057F1 /* Debug */,
				90247DDC1A35823F005057F1 /* Release */,
			);
			defaultConfigurationIsVisible = 0;
			defaultConfigurationName = Release;
		};
		90247DDD1A35823F005057F1 /* Build configuration list for PBXNativeTarget "GMTweet" */ = {
			isa = XCConfigurationList;
			buildConfigurations = (
				90247DDE1A35823F005057F1 /* Debug */,
				90247DDF1A35823F005057F1 /* Release */,
			);
			defaultConfigurationIsVisible = 0;
		};
		90247DE01A35823F005057F1 /* Build configuration list for PBXNativeTarget "GMTweetTests" */ = {
			isa = XCConfigurationList;
			buildConfigurations = (
				90247DE11A35823F005057F1 /* Debug */,
				90247DE21A35823F005057F1 /* Release */,
			);
			defaultConfigurationIsVisible = 0;
		};
/* End XCConfigurationList section */
	};
	rootObject = 90247DB61A35823F005057F1 /* Project object */;
}
